// !$*UTF8*$!
{
	archiveVersion = 1;
	classes = {
	};
	objectVersion = 46;
	objects = {

/* Begin PBXBuildFile section */
		2011B3AD1A0B6293000DD457 /* WTLDismissInputAnimator.m in Sources */ = {isa = PBXBuildFile; fileRef = 2011B3AC1A0B6293000DD457 /* WTLDismissInputAnimator.m */; };
		2011B3B01A0B7B5D000DD457 /* WTLTextField.m in Sources */ = {isa = PBXBuildFile; fileRef = 2011B3AF1A0B7B5D000DD457 /* WTLTextField.m */; };
		20156B2B19FE5C9E00142EC0 /* main.m in Sources */ = {isa = PBXBuildFile; fileRef = 20156B2A19FE5C9E00142EC0 /* main.m */; };
		20156B2E19FE5C9E00142EC0 /* WTLAppDelegate.m in Sources */ = {isa = PBXBuildFile; fileRef = 20156B2D19FE5C9E00142EC0 /* WTLAppDelegate.m */; };
		20156B3119FE5C9E00142EC0 /* WTLWeightViewController.m in Sources */ = {isa = PBXBuildFile; fileRef = 20156B3019FE5C9E00142EC0 /* WTLWeightViewController.m */; };
		20156B3619FE5C9E00142EC0 /* Images.xcassets in Resources */ = {isa = PBXBuildFile; fileRef = 20156B3519FE5C9E00142EC0 /* Images.xcassets */; };
		20156B3919FE5C9E00142EC0 /* LaunchScreen.xib in Resources */ = {isa = PBXBuildFile; fileRef = 20156B3719FE5C9E00142EC0 /* LaunchScreen.xib */; };
		20156B4519FE5C9E00142EC0 /* WeightlyTests.m in Sources */ = {isa = PBXBuildFile; fileRef = 20156B4419FE5C9E00142EC0 /* WeightlyTests.m */; };
		2035933C1A0A373C0097A1AC /* WTLSettingsTableViewController.m in Sources */ = {isa = PBXBuildFile; fileRef = 2035933B1A0A373C0097A1AC /* WTLSettingsTableViewController.m */; };
		2035933F1A0A377F0097A1AC /* WTLWeightsTableViewController.m in Sources */ = {isa = PBXBuildFile; fileRef = 2035933E1A0A377F0097A1AC /* WTLWeightsTableViewController.m */; };
		203593421A0A57560097A1AC /* WTLInputViewController.m in Sources */ = {isa = PBXBuildFile; fileRef = 203593411A0A57560097A1AC /* WTLInputViewController.m */; };
		203593451A0A5E550097A1AC /* WTLPresentInputAnimator.m in Sources */ = {isa = PBXBuildFile; fileRef = 203593441A0A5E550097A1AC /* WTLPresentInputAnimator.m */; };
		204931EA1A08CE090075F43B /* WTLLineGraphModelController.m in Sources */ = {isa = PBXBuildFile; fileRef = 204931E91A08CE090075F43B /* WTLLineGraphModelController.m */; };
		20566C411A0DEE9F0071D05D /* WTLSettingsTableViewCell.m in Sources */ = {isa = PBXBuildFile; fileRef = 20566C401A0DEE9F0071D05D /* WTLSettingsTableViewCell.m */; };
		20566C441A0DFD040071D05D /* WTLSegmentedSettingsTableViewCell.m in Sources */ = {isa = PBXBuildFile; fileRef = 20566C431A0DFD040071D05D /* WTLSegmentedSettingsTableViewCell.m */; };
		3A060596F618E2427750AB0B /* libPods.a in Frameworks */ = {isa = PBXBuildFile; fileRef = 451AF153B83AF3AC0D7C3F2B /* libPods.a */; };
/* End PBXBuildFile section */

/* Begin PBXContainerItemProxy section */
		20156B3F19FE5C9E00142EC0 /* PBXContainerItemProxy */ = {
			isa = PBXContainerItemProxy;
			containerPortal = 20156B1D19FE5C9E00142EC0 /* Project object */;
			proxyType = 1;
			remoteGlobalIDString = 20156B2419FE5C9E00142EC0;
			remoteInfo = Weightly;
		};
/* End PBXContainerItemProxy section */

/* Begin PBXFileReference section */
		2011B3AB1A0B6293000DD457 /* WTLDismissInputAnimator.h */ = {isa = PBXFileReference; fileEncoding = 4; lastKnownFileType = sourcecode.c.h; path = WTLDismissInputAnimator.h; sourceTree = "<group>"; };
		2011B3AC1A0B6293000DD457 /* WTLDismissInputAnimator.m */ = {isa = PBXFileReference; fileEncoding = 4; lastKnownFileType = sourcecode.c.objc; path = WTLDismissInputAnimator.m; sourceTree = "<group>"; };
		2011B3AE1A0B7B5D000DD457 /* WTLTextField.h */ = {isa = PBXFileReference; fileEncoding = 4; lastKnownFileType = sourcecode.c.h; path = WTLTextField.h; sourceTree = "<group>"; };
		2011B3AF1A0B7B5D000DD457 /* WTLTextField.m */ = {isa = PBXFileReference; fileEncoding = 4; lastKnownFileType = sourcecode.c.objc; path = WTLTextField.m; sourceTree = "<group>"; };
		20156B2519FE5C9E00142EC0 /* Weightly.app */ = {isa = PBXFileReference; explicitFileType = wrapper.application; includeInIndex = 0; path = Weightly.app; sourceTree = BUILT_PRODUCTS_DIR; };
		20156B2919FE5C9E00142EC0 /* Info.plist */ = {isa = PBXFileReference; lastKnownFileType = text.plist.xml; path = Info.plist; sourceTree = "<group>"; };
		20156B2A19FE5C9E00142EC0 /* main.m */ = {isa = PBXFileReference; lastKnownFileType = sourcecode.c.objc; path = main.m; sourceTree = "<group>"; };
		20156B2C19FE5C9E00142EC0 /* WTLAppDelegate.h */ = {isa = PBXFileReference; lastKnownFileType = sourcecode.c.h; path = WTLAppDelegate.h; sourceTree = "<group>"; };
		20156B2D19FE5C9E00142EC0 /* WTLAppDelegate.m */ = {isa = PBXFileReference; lastKnownFileType = sourcecode.c.objc; path = WTLAppDelegate.m; sourceTree = "<group>"; };
		20156B2F19FE5C9E00142EC0 /* WTLWeightViewController.h */ = {isa = PBXFileReference; lastKnownFileType = sourcecode.c.h; path = WTLWeightViewController.h; sourceTree = "<group>"; };
		20156B3019FE5C9E00142EC0 /* WTLWeightViewController.m */ = {isa = PBXFileReference; lastKnownFileType = sourcecode.c.objc; path = WTLWeightViewController.m; sourceTree = "<group>"; };
		20156B3519FE5C9E00142EC0 /* Images.xcassets */ = {isa = PBXFileReference; lastKnownFileType = folder.assetcatalog; path = Images.xcassets; sourceTree = "<group>"; };
		20156B3819FE5C9E00142EC0 /* Base */ = {isa = PBXFileReference; lastKnownFileType = file.xib; name = Base; path = Base.lproj/LaunchScreen.xib; sourceTree = "<group>"; };
		20156B3E19FE5C9E00142EC0 /* WeightlyTests.xctest */ = {isa = PBXFileReference; explicitFileType = wrapper.cfbundle; includeInIndex = 0; path = WeightlyTests.xctest; sourceTree = BUILT_PRODUCTS_DIR; };
		20156B4319FE5C9E00142EC0 /* Info.plist */ = {isa = PBXFileReference; lastKnownFileType = text.plist.xml; path = Info.plist; sourceTree = "<group>"; };
		20156B4419FE5C9E00142EC0 /* WeightlyTests.m */ = {isa = PBXFileReference; lastKnownFileType = sourcecode.c.objc; path = WeightlyTests.m; sourceTree = "<group>"; };
		2035933A1A0A373C0097A1AC /* WTLSettingsTableViewController.h */ = {isa = PBXFileReference; fileEncoding = 4; lastKnownFileType = sourcecode.c.h; path = WTLSettingsTableViewController.h; sourceTree = "<group>"; };
		2035933B1A0A373C0097A1AC /* WTLSettingsTableViewController.m */ = {isa = PBXFileReference; fileEncoding = 4; lastKnownFileType = sourcecode.c.objc; path = WTLSettingsTableViewController.m; sourceTree = "<group>"; };
		2035933D1A0A377F0097A1AC /* WTLWeightsTableViewController.h */ = {isa = PBXFileReference; fileEncoding = 4; lastKnownFileType = sourcecode.c.h; path = WTLWeightsTableViewController.h; sourceTree = "<group>"; };
		2035933E1A0A377F0097A1AC /* WTLWeightsTableViewController.m */ = {isa = PBXFileReference; fileEncoding = 4; lastKnownFileType = sourcecode.c.objc; path = WTLWeightsTableViewController.m; sourceTree = "<group>"; };
		203593401A0A57560097A1AC /* WTLInputViewController.h */ = {isa = PBXFileReference; fileEncoding = 4; lastKnownFileType = sourcecode.c.h; path = WTLInputViewController.h; sourceTree = "<group>"; };
		203593411A0A57560097A1AC /* WTLInputViewController.m */ = {isa = PBXFileReference; fileEncoding = 4; lastKnownFileType = sourcecode.c.objc; path = WTLInputViewController.m; sourceTree = "<group>"; };
		203593431A0A5E550097A1AC /* WTLPresentInputAnimator.h */ = {isa = PBXFileReference; fileEncoding = 4; lastKnownFileType = sourcecode.c.h; path = WTLPresentInputAnimator.h; sourceTree = "<group>"; };
		203593441A0A5E550097A1AC /* WTLPresentInputAnimator.m */ = {isa = PBXFileReference; fileEncoding = 4; lastKnownFileType = sourcecode.c.objc; path = WTLPresentInputAnimator.m; sourceTree = "<group>"; };
		204931E81A08CE090075F43B /* WTLLineGraphModelController.h */ = {isa = PBXFileReference; fileEncoding = 4; lastKnownFileType = sourcecode.c.h; path = WTLLineGraphModelController.h; sourceTree = "<group>"; };
		204931E91A08CE090075F43B /* WTLLineGraphModelController.m */ = {isa = PBXFileReference; fileEncoding = 4; lastKnownFileType = sourcecode.c.objc; path = WTLLineGraphModelController.m; sourceTree = "<group>"; };
		20566C3F1A0DEE9F0071D05D /* WTLSettingsTableViewCell.h */ = {isa = PBXFileReference; fileEncoding = 4; lastKnownFileType = sourcecode.c.h; path = WTLSettingsTableViewCell.h; sourceTree = "<group>"; };
		20566C401A0DEE9F0071D05D /* WTLSettingsTableViewCell.m */ = {isa = PBXFileReference; fileEncoding = 4; lastKnownFileType = sourcecode.c.objc; path = WTLSettingsTableViewCell.m; sourceTree = "<group>"; };
		20566C421A0DFD040071D05D /* WTLSegmentedSettingsTableViewCell.h */ = {isa = PBXFileReference; fileEncoding = 4; lastKnownFileType = sourcecode.c.h; path = WTLSegmentedSettingsTableViewCell.h; sourceTree = "<group>"; };
		20566C431A0DFD040071D05D /* WTLSegmentedSettingsTableViewCell.m */ = {isa = PBXFileReference; fileEncoding = 4; lastKnownFileType = sourcecode.c.objc; path = WTLSegmentedSettingsTableViewCell.m; sourceTree = "<group>"; };
		451AF153B83AF3AC0D7C3F2B /* libPods.a */ = {isa = PBXFileReference; explicitFileType = archive.ar; includeInIndex = 0; path = libPods.a; sourceTree = BUILT_PRODUCTS_DIR; };
		784F9B486AC5AF793682D6C2 /* Pods.debug.xcconfig */ = {isa = PBXFileReference; includeInIndex = 1; lastKnownFileType = text.xcconfig; name = Pods.debug.xcconfig; path = "Pods/Target Support Files/Pods/Pods.debug.xcconfig"; sourceTree = "<group>"; };
		BCD0B65CCD2C66B7F42AC5B5 /* Pods.release.xcconfig */ = {isa = PBXFileReference; includeInIndex = 1; lastKnownFileType = text.xcconfig; name = Pods.release.xcconfig; path = "Pods/Target Support Files/Pods/Pods.release.xcconfig"; sourceTree = "<group>"; };
/* End PBXFileReference section */

/* Begin PBXFrameworksBuildPhase section */
		20156B2219FE5C9E00142EC0 /* Frameworks */ = {
			isa = PBXFrameworksBuildPhase;
			buildActionMask = 2147483647;
			files = (
				3A060596F618E2427750AB0B /* libPods.a in Frameworks */,
			);
			runOnlyForDeploymentPostprocessing = 0;
		};
		20156B3B19FE5C9E00142EC0 /* Frameworks */ = {
			isa = PBXFrameworksBuildPhase;
			buildActionMask = 2147483647;
			files = (
			);
			runOnlyForDeploymentPostprocessing = 0;
		};
/* End PBXFrameworksBuildPhase section */

/* Begin PBXGroup section */
		20156B1C19FE5C9E00142EC0 = {
			isa = PBXGroup;
			children = (
				20DA9FC419FF4F1300CB50CB /* Classes */,
				20DA9FC519FF4F1F00CB50CB /* Other Sources */,
				20DA9FC619FF4F3200CB50CB /* Resources */,
				20156B4119FE5C9E00142EC0 /* WeightlyTests */,
				20156B2619FE5C9E00142EC0 /* Products */,
				884C5F01C1EF6329E674EFA6 /* Pods */,
				B4B6E29601F409052B634EE2 /* Frameworks */,
			);
			sourceTree = "<group>";
		};
		20156B2619FE5C9E00142EC0 /* Products */ = {
			isa = PBXGroup;
			children = (
				20156B2519FE5C9E00142EC0 /* Weightly.app */,
				20156B3E19FE5C9E00142EC0 /* WeightlyTests.xctest */,
			);
			name = Products;
			sourceTree = "<group>";
		};
		20156B4119FE5C9E00142EC0 /* WeightlyTests */ = {
			isa = PBXGroup;
			children = (
				20156B4419FE5C9E00142EC0 /* WeightlyTests.m */,
				20156B4219FE5C9E00142EC0 /* Resources */,
			);
			path = WeightlyTests;
			sourceTree = "<group>";
		};
		20156B4219FE5C9E00142EC0 /* Resources */ = {
			isa = PBXGroup;
			children = (
				20156B4319FE5C9E00142EC0 /* Info.plist */,
			);
			path = Resources;
			sourceTree = "<group>";
		};
		20566C3A1A0DEB0F0071D05D /* Animations */ = {
			isa = PBXGroup;
			children = (
				2011B3AB1A0B6293000DD457 /* WTLDismissInputAnimator.h */,
				2011B3AC1A0B6293000DD457 /* WTLDismissInputAnimator.m */,
				203593431A0A5E550097A1AC /* WTLPresentInputAnimator.h */,
				203593441A0A5E550097A1AC /* WTLPresentInputAnimator.m */,
			);
			name = Animations;
			sourceTree = "<group>";
		};
		20566C3B1A0DEB1F0071D05D /* View Controllers */ = {
			isa = PBXGroup;
			children = (
				203593401A0A57560097A1AC /* WTLInputViewController.h */,
				203593411A0A57560097A1AC /* WTLInputViewController.m */,
				204931E81A08CE090075F43B /* WTLLineGraphModelController.h */,
				204931E91A08CE090075F43B /* WTLLineGraphModelController.m */,
				2035933A1A0A373C0097A1AC /* WTLSettingsTableViewController.h */,
				2035933B1A0A373C0097A1AC /* WTLSettingsTableViewController.m */,
				2035933D1A0A377F0097A1AC /* WTLWeightsTableViewController.h */,
				2035933E1A0A377F0097A1AC /* WTLWeightsTableViewController.m */,
				20156B2F19FE5C9E00142EC0 /* WTLWeightViewController.h */,
				20156B3019FE5C9E00142EC0 /* WTLWeightViewController.m */,
			);
			name = "View Controllers";
			sourceTree = "<group>";
		};
		20566C3C1A0DEB340071D05D /* Views */ = {
			isa = PBXGroup;
			children = (
				2011B3AE1A0B7B5D000DD457 /* WTLTextField.h */,
				2011B3AF1A0B7B5D000DD457 /* WTLTextField.m */,
				20566C3F1A0DEE9F0071D05D /* WTLSettingsTableViewCell.h */,
				20566C401A0DEE9F0071D05D /* WTLSettingsTableViewCell.m */,
				20566C421A0DFD040071D05D /* WTLSegmentedSettingsTableViewCell.h */,
				20566C431A0DFD040071D05D /* WTLSegmentedSettingsTableViewCell.m */,
			);
			name = Views;
			sourceTree = "<group>";
		};
		20566C3D1A0DEB520071D05D /* Application */ = {
			isa = PBXGroup;
			children = (
				20156B2C19FE5C9E00142EC0 /* WTLAppDelegate.h */,
				20156B2D19FE5C9E00142EC0 /* WTLAppDelegate.m */,
			);
			name = Application;
			sourceTree = "<group>";
		};
		20566C3E1A0DEB640071D05D /* Models */ = {
			isa = PBXGroup;
			children = (
			);
			name = Models;
			sourceTree = "<group>";
		};
		20DA9FC419FF4F1300CB50CB /* Classes */ = {
			isa = PBXGroup;
			children = (
				20566C3D1A0DEB520071D05D /* Application */,
				20566C3B1A0DEB1F0071D05D /* View Controllers */,
				20566C3E1A0DEB640071D05D /* Models */,
				20566C3C1A0DEB340071D05D /* Views */,
				20566C3A1A0DEB0F0071D05D /* Animations */,
			);
			path = Classes;
			sourceTree = "<group>";
		};
		20DA9FC519FF4F1F00CB50CB /* Other Sources */ = {
			isa = PBXGroup;
			children = (
				20156B2A19FE5C9E00142EC0 /* main.m */,
			);
			path = "Other Sources";
			sourceTree = "<group>";
		};
		20DA9FC619FF4F3200CB50CB /* Resources */ = {
			isa = PBXGroup;
			children = (
				20156B3719FE5C9E00142EC0 /* LaunchScreen.xib */,
				20156B3519FE5C9E00142EC0 /* Images.xcassets */,
				20156B2919FE5C9E00142EC0 /* Info.plist */,
			);
			path = Resources;
			sourceTree = "<group>";
		};
		884C5F01C1EF6329E674EFA6 /* Pods */ = {
			isa = PBXGroup;
			children = (
				784F9B486AC5AF793682D6C2 /* Pods.debug.xcconfig */,
				BCD0B65CCD2C66B7F42AC5B5 /* Pods.release.xcconfig */,
			);
			name = Pods;
			sourceTree = "<group>";
		};
		B4B6E29601F409052B634EE2 /* Frameworks */ = {
			isa = PBXGroup;
			children = (
				451AF153B83AF3AC0D7C3F2B /* libPods.a */,
			);
			name = Frameworks;
			sourceTree = "<group>";
		};
/* End PBXGroup section */

/* Begin PBXNativeTarget section */
		20156B2419FE5C9E00142EC0 /* Weightly */ = {
			isa = PBXNativeTarget;
			buildConfigurationList = 20156B4819FE5C9E00142EC0 /* Build configuration list for PBXNativeTarget "Weightly" */;
			buildPhases = (
				288C704495B5B6190D72CE0F /* Check Pods Manifest.lock */,
				20156B2119FE5C9E00142EC0 /* Sources */,
				20156B2219FE5C9E00142EC0 /* Frameworks */,
				20156B2319FE5C9E00142EC0 /* Resources */,
				D1CE5948DC14EA97DCF31CCB /* Copy Pods Resources */,
			);
			buildRules = (
			);
			dependencies = (
			);
			name = Weightly;
			productName = Weightly;
			productReference = 20156B2519FE5C9E00142EC0 /* Weightly.app */;
			productType = "com.apple.product-type.application";
		};
		20156B3D19FE5C9E00142EC0 /* WeightlyTests */ = {
			isa = PBXNativeTarget;
			buildConfigurationList = 20156B4B19FE5C9E00142EC0 /* Build configuration list for PBXNativeTarget "WeightlyTests" */;
			buildPhases = (
				20156B3A19FE5C9E00142EC0 /* Sources */,
				20156B3B19FE5C9E00142EC0 /* Frameworks */,
				20156B3C19FE5C9E00142EC0 /* Resources */,
			);
			buildRules = (
			);
			dependencies = (
				20156B4019FE5C9E00142EC0 /* PBXTargetDependency */,
			);
			name = WeightlyTests;
			productName = WeightlyTests;
			productReference = 20156B3E19FE5C9E00142EC0 /* WeightlyTests.xctest */;
			productType = "com.apple.product-type.bundle.unit-test";
		};
/* End PBXNativeTarget section */

/* Begin PBXProject section */
		20156B1D19FE5C9E00142EC0 /* Project object */ = {
			isa = PBXProject;
			attributes = {
				CLASSPREFIX = WTL;
				LastUpgradeCheck = 0610;
				ORGANIZATIONNAME = "Yiming Tang";
				TargetAttributes = {
					20156B2419FE5C9E00142EC0 = {
						CreatedOnToolsVersion = 6.1;
						DevelopmentTeam = L2G83P2797;
					};
					20156B3D19FE5C9E00142EC0 = {
						CreatedOnToolsVersion = 6.1;
						TestTargetID = 20156B2419FE5C9E00142EC0;
					};
				};
			};
			buildConfigurationList = 20156B2019FE5C9E00142EC0 /* Build configuration list for PBXProject "Weightly" */;
			compatibilityVersion = "Xcode 3.2";
			developmentRegion = English;
			hasScannedForEncodings = 0;
			knownRegions = (
				en,
				Base,
			);
			mainGroup = 20156B1C19FE5C9E00142EC0;
			productRefGroup = 20156B2619FE5C9E00142EC0 /* Products */;
			projectDirPath = "";
			projectRoot = "";
			targets = (
				20156B2419FE5C9E00142EC0 /* Weightly */,
				20156B3D19FE5C9E00142EC0 /* WeightlyTests */,
			);
		};
/* End PBXProject section */

/* Begin PBXResourcesBuildPhase section */
		20156B2319FE5C9E00142EC0 /* Resources */ = {
			isa = PBXResourcesBuildPhase;
			buildActionMask = 2147483647;
			files = (
				20156B3919FE5C9E00142EC0 /* LaunchScreen.xib in Resources */,
				20156B3619FE5C9E00142EC0 /* Images.xcassets in Resources */,
			);
			runOnlyForDeploymentPostprocessing = 0;
		};
		20156B3C19FE5C9E00142EC0 /* Resources */ = {
			isa = PBXResourcesBuildPhase;
			buildActionMask = 2147483647;
			files = (
			);
			runOnlyForDeploymentPostprocessing = 0;
		};
/* End PBXResourcesBuildPhase section */

/* Begin PBXShellScriptBuildPhase section */
		288C704495B5B6190D72CE0F /* Check Pods Manifest.lock */ = {
			isa = PBXShellScriptBuildPhase;
			buildActionMask = 2147483647;
			files = (
			);
			inputPaths = (
			);
			name = "Check Pods Manifest.lock";
			outputPaths = (
			);
			runOnlyForDeploymentPostprocessing = 0;
			shellPath = /bin/sh;
			shellScript = "diff \"${PODS_ROOT}/../Podfile.lock\" \"${PODS_ROOT}/Manifest.lock\" > /dev/null\nif [[ $? != 0 ]] ; then\n    cat << EOM\nerror: The sandbox is not in sync with the Podfile.lock. Run 'pod install' or update your CocoaPods installation.\nEOM\n    exit 1\nfi\n";
			showEnvVarsInLog = 0;
		};
		D1CE5948DC14EA97DCF31CCB /* Copy Pods Resources */ = {
			isa = PBXShellScriptBuildPhase;
			buildActionMask = 2147483647;
			files = (
			);
			inputPaths = (
			);
			name = "Copy Pods Resources";
			outputPaths = (
			);
			runOnlyForDeploymentPostprocessing = 0;
			shellPath = /bin/sh;
			shellScript = "\"${SRCROOT}/Pods/Target Support Files/Pods/Pods-resources.sh\"\n";
			showEnvVarsInLog = 0;
		};
/* End PBXShellScriptBuildPhase section */

/* Begin PBXSourcesBuildPhase section */
		20156B2119FE5C9E00142EC0 /* Sources */ = {
			isa = PBXSourcesBuildPhase;
			buildActionMask = 2147483647;
			files = (
				20566C411A0DEE9F0071D05D /* WTLSettingsTableViewCell.m in Sources */,
				204931EA1A08CE090075F43B /* WTLLineGraphModelController.m in Sources */,
				203593451A0A5E550097A1AC /* WTLPresentInputAnimator.m in Sources */,
				2035933F1A0A377F0097A1AC /* WTLWeightsTableViewController.m in Sources */,
				2011B3B01A0B7B5D000DD457 /* WTLTextField.m in Sources */,
				20566C441A0DFD040071D05D /* WTLSegmentedSettingsTableViewCell.m in Sources */,
				20156B3119FE5C9E00142EC0 /* WTLWeightViewController.m in Sources */,
				203593421A0A57560097A1AC /* WTLInputViewController.m in Sources */,
				2035933C1A0A373C0097A1AC /* WTLSettingsTableViewController.m in Sources */,
				20156B2E19FE5C9E00142EC0 /* WTLAppDelegate.m in Sources */,
				20156B2B19FE5C9E00142EC0 /* main.m in Sources */,
				2011B3AD1A0B6293000DD457 /* WTLDismissInputAnimator.m in Sources */,
			);
			runOnlyForDeploymentPostprocessing = 0;
		};
		20156B3A19FE5C9E00142EC0 /* Sources */ = {
			isa = PBXSourcesBuildPhase;
			buildActionMask = 2147483647;
			files = (
				20156B4519FE5C9E00142EC0 /* WeightlyTests.m in Sources */,
			);
			runOnlyForDeploymentPostprocessing = 0;
		};
/* End PBXSourcesBuildPhase section */

/* Begin PBXTargetDependency section */
		20156B4019FE5C9E00142EC0 /* PBXTargetDependency */ = {
			isa = PBXTargetDependency;
			target = 20156B2419FE5C9E00142EC0 /* Weightly */;
			targetProxy = 20156B3F19FE5C9E00142EC0 /* PBXContainerItemProxy */;
		};
/* End PBXTargetDependency section */

/* Begin PBXVariantGroup section */
		20156B3719FE5C9E00142EC0 /* LaunchScreen.xib */ = {
			isa = PBXVariantGroup;
			children = (
				20156B3819FE5C9E00142EC0 /* Base */,
			);
			name = LaunchScreen.xib;
			sourceTree = "<group>";
		};
/* End PBXVariantGroup section */

/* Begin XCBuildConfiguration section */
		20156B4619FE5C9E00142EC0 /* Debug */ = {
			isa = XCBuildConfiguration;
			buildSettings = {
				ALWAYS_SEARCH_USER_PATHS = NO;
				CLANG_CXX_LANGUAGE_STANDARD = "gnu++0x";
				CLANG_CXX_LIBRARY = "libc++";
				CLANG_ENABLE_MODULES = YES;
				CLANG_ENABLE_OBJC_ARC = YES;
				CLANG_WARN_BOOL_CONVERSION = YES;
				CLANG_WARN_CONSTANT_CONVERSION = YES;
				CLANG_WARN_DIRECT_OBJC_ISA_USAGE = YES_ERROR;
				CLANG_WARN_EMPTY_BODY = YES;
				CLANG_WARN_ENUM_CONVERSION = YES;
				CLANG_WARN_INT_CONVERSION = YES;
				CLANG_WARN_OBJC_ROOT_CLASS = YES_ERROR;
				CLANG_WARN_UNREACHABLE_CODE = YES;
				CLANG_WARN__DUPLICATE_METHOD_MATCH = YES;
				"CODE_SIGN_IDENTITY[sdk=iphoneos*]" = "iPhone Developer";
				COPY_PHASE_STRIP = NO;
				ENABLE_STRICT_OBJC_MSGSEND = YES;
				GCC_C_LANGUAGE_STANDARD = gnu99;
				GCC_DYNAMIC_NO_PIC = NO;
				GCC_OPTIMIZATION_LEVEL = 0;
				GCC_PREPROCESSOR_DEFINITIONS = (
					"DEBUG=1",
					"$(inherited)",
				);
				GCC_SYMBOLS_PRIVATE_EXTERN = NO;
				GCC_WARN_64_TO_32_BIT_CONVERSION = YES;
				GCC_WARN_ABOUT_RETURN_TYPE = YES_ERROR;
				GCC_WARN_UNDECLARED_SELECTOR = YES;
				GCC_WARN_UNINITIALIZED_AUTOS = YES_AGGRESSIVE;
				GCC_WARN_UNUSED_FUNCTION = YES;
				GCC_WARN_UNUSED_VARIABLE = YES;
				IPHONEOS_DEPLOYMENT_TARGET = 7.0;
				MTL_ENABLE_DEBUG_INFO = YES;
				ONLY_ACTIVE_ARCH = YES;
				SDKROOT = iphoneos;
				TARGETED_DEVICE_FAMILY = "1,2";
			};
			name = Debug;
		};
		20156B4719FE5C9E00142EC0 /* Release */ = {
			isa = XCBuildConfiguration;
			buildSettings = {
				ALWAYS_SEARCH_USER_PATHS = NO;
				CLANG_CXX_LANGUAGE_STANDARD = "gnu++0x";
				CLANG_CXX_LIBRARY = "libc++";
				CLANG_ENABLE_MODULES = YES;
				CLANG_ENABLE_OBJC_ARC = YES;
				CLANG_WARN_BOOL_CONVERSION = YES;
				CLANG_WARN_CONSTANT_CONVERSION = YES;
				CLANG_WARN_DIRECT_OBJC_ISA_USAGE = YES_ERROR;
				CLANG_WARN_EMPTY_BODY = YES;
				CLANG_WARN_ENUM_CONVERSION = YES;
				CLANG_WARN_INT_CONVERSION = YES;
				CLANG_WARN_OBJC_ROOT_CLASS = YES_ERROR;
				CLANG_WARN_UNREACHABLE_CODE = YES;
				CLANG_WARN__DUPLICATE_METHOD_MATCH = YES;
				"CODE_SIGN_IDENTITY[sdk=iphoneos*]" = "iPhone Developer";
				COPY_PHASE_STRIP = YES;
				ENABLE_NS_ASSERTIONS = NO;
				ENABLE_STRICT_OBJC_MSGSEND = YES;
				GCC_C_LANGUAGE_STANDARD = gnu99;
				GCC_WARN_64_TO_32_BIT_CONVERSION = YES;
				GCC_WARN_ABOUT_RETURN_TYPE = YES_ERROR;
				GCC_WARN_UNDECLARED_SELECTOR = YES;
				GCC_WARN_UNINITIALIZED_AUTOS = YES_AGGRESSIVE;
				GCC_WARN_UNUSED_FUNCTION = YES;
				GCC_WARN_UNUSED_VARIABLE = YES;
				IPHONEOS_DEPLOYMENT_TARGET = 7.0;
				MTL_ENABLE_DEBUG_INFO = NO;
				SDKROOT = iphoneos;
				TARGETED_DEVICE_FAMILY = "1,2";
				VALIDATE_PRODUCT = YES;
			};
			name = Release;
		};
		20156B4919FE5C9E00142EC0 /* Debug */ = {
			isa = XCBuildConfiguration;
			baseConfigurationReference = 784F9B486AC5AF793682D6C2 /* Pods.debug.xcconfig */;
			buildSettings = {
				ASSETCATALOG_COMPILER_APPICON_NAME = AppIcon;
				INFOPLIST_FILE = "$(SRCROOT)/Resources/Info.plist";
				LD_RUNPATH_SEARCH_PATHS = "$(inherited) @executable_path/Frameworks";
				PRODUCT_NAME = "$(TARGET_NAME)";
			};
			name = Debug;
		};
		20156B4A19FE5C9E00142EC0 /* Release */ = {
			isa = XCBuildConfiguration;
			baseConfigurationReference = BCD0B65CCD2C66B7F42AC5B5 /* Pods.release.xcconfig */;
			buildSettings = {
				ASSETCATALOG_COMPILER_APPICON_NAME = AppIcon;
				INFOPLIST_FILE = "$(SRCROOT)/Resources/Info.plist";
				LD_RUNPATH_SEARCH_PATHS = "$(inherited) @executable_path/Frameworks";
				PRODUCT_NAME = "$(TARGET_NAME)";
			};
			name = Release;
		};
		20156B4C19FE5C9E00142EC0 /* Debug */ = {
			isa = XCBuildConfiguration;
			buildSettings = {
				BUNDLE_LOADER = "$(TEST_HOST)";
				FRAMEWORK_SEARCH_PATHS = (
					"$(SDKROOT)/Developer/Library/Frameworks",
					"$(inherited)",
				);
				GCC_PREPROCESSOR_DEFINITIONS = (
					"DEBUG=1",
					"$(inherited)",
				);
				INFOPLIST_FILE = "$(SRCROOT)/WeightlyTests/Resources/Info.plist";
				LD_RUNPATH_SEARCH_PATHS = "$(inherited) @executable_path/Frameworks @loader_path/Frameworks";
				PRODUCT_NAME = "$(TARGET_NAME)";
				TEST_HOST = "$(BUILT_PRODUCTS_DIR)/Weightly.app/Weightly";
			};
			name = Debug;
		};
		20156B4D19FE5C9E00142EC0 /* Release */ = {
			isa = XCBuildConfiguration;
			buildSettings = {
				BUNDLE_LOADER = "$(TEST_HOST)";
				FRAMEWORK_SEARCH_PATHS = (
					"$(SDKROOT)/Developer/Library/Frameworks",
					"$(inherited)",
				);
				INFOPLIST_FILE = "$(SRCROOT)/WeightlyTests/Resources/Info.plist";
				LD_RUNPATH_SEARCH_PATHS = "$(inherited) @executable_path/Frameworks @loader_path/Frameworks";
				PRODUCT_NAME = "$(TARGET_NAME)";
				TEST_HOST = "$(BUILT_PRODUCTS_DIR)/Weightly.app/Weightly";
			};
			name = Release;
		};
/* End XCBuildConfiguration section */

/* Begin XCConfigurationList section */
		20156B2019FE5C9E00142EC0 /* Build configuration list for PBXProject "Weightly" */ = {
			isa = XCConfigurationList;
			buildConfigurations = (
				20156B4619FE5C9E00142EC0 /* Debug */,
				20156B4719FE5C9E00142EC0 /* Release */,
			);
			defaultConfigurationIsVisible = 0;
			defaultConfigurationName = Release;
		};
		20156B4819FE5C9E00142EC0 /* Build configuration list for PBXNativeTarget "Weightly" */ = {
			isa = XCConfigurationList;
			buildConfigurations = (
				20156B4919FE5C9E00142EC0 /* Debug */,
				20156B4A19FE5C9E00142EC0 /* Release */,
			);
			defaultConfigurationIsVisible = 0;
			defaultConfigurationName = Release;
		};
		20156B4B19FE5C9E00142EC0 /* Build configuration list for PBXNativeTarget "WeightlyTests" */ = {
			isa = XCConfigurationList;
			buildConfigurations = (
				20156B4C19FE5C9E00142EC0 /* Debug */,
				20156B4D19FE5C9E00142EC0 /* Release */,
			);
			defaultConfigurationIsVisible = 0;
			defaultConfigurationName = Release;
		};
/* End XCConfigurationList section */
	};
	rootObject = 20156B1D19FE5C9E00142EC0 /* Project object */;
}
