PODS:
  - BEMSimpleLineGraph (4.1)
  - Masonry (1.0.2)
  - SAMCategories (0.5.2)
  - SSDataKit (0.3.9)

DEPENDENCIES:
  - BEMSimpleLineGraph
  - Masonry
  - SAMCategories
  - SSDataKit

SPEC CHECKSUMS:
  BEMSimpleLineGraph: 44fd451f27f8e9cf96f2da5bea27603093576dd1
  Masonry: 7c429b56da9d4ee0bbb3ed77a5ea710d6a5df39e
  SAMCategories: bf8287f7961a0b343168d1fee16338dc1626ea39
  SSDataKit: bc15712f1adbc43425d61a602120f84fdb970ded

PODFILE CHECKSUM: 36382f1a15fb901079a96b177d184ea567b40374

COCOAPODS: 1.1.1
